
Microsoft Visual Studio Solution File, Format Version 12.00
# Visual Studio Version 16
VisualStudioVersion = 16.0.31105.61
MinimumVisualStudioVersion = 10.0.40219.1
Project("{FAE04EC0-301F-11D3-BF4B-00C04F79EFBC}") = "BQS22", "BQS22\BQS22.csproj", "{F13EE6D1-8E2C-4A46-AF33-BDE61736BC25}"
EndProject
Global
	GlobalSection(SolutionConfigurationPlatforms) = preSolution
		Debug|Any CPU = Debug|Any CPU
		Release|Any CPU = Release|Any CPU
	EndGlobalSection
	GlobalSection(ProjectConfigurationPlatforms) = postSolution
		{F13EE6D1-8E2C-4A46-AF33-BDE61736BC25}.Debug|Any CPU.ActiveCfg = Debug|Any CPU
		{F13EE6D1-8E2C-4A46-AF33-BDE61736BC25}.Debug|Any CPU.Build.0 = Debug|Any CPU
		{F13EE6D1-8E2C-4A46-AF33-BDE61736BC25}.Release|Any CPU.ActiveCfg = Release|Any CPU
		{F13EE6D1-8E2C-4A46-AF33-BDE61736BC25}.Release|Any CPU.Build.0 = Release|Any CPU
	EndGlobalSection
	GlobalSection(SolutionProperties) = preSolution
		HideSolutionNode = FALSE
	EndGlobalSection
	GlobalSection(ExtensibilityGlobals) = postSolution
		SolutionGuid = {BBE6B691-39E8-4970-96A5-5F1A01841A2E}
	EndGlobalSection
EndGlobal
