
Microsoft Visual Studio Solution File, Format Version 12.00
# Visual Studio Version 16
VisualStudioVersion = 16.0.31105.61
MinimumVisualStudioVersion = 10.0.40219.1
Project("{FAE04EC0-301F-11D3-BF4B-00C04F79EFBC}") = "BQS25", "BQS25\BQS25.csproj", "{345CABC3-6DD1-4A81-8098-AF49D219873F}"
EndProject
Global
	GlobalSection(SolutionConfigurationPlatforms) = preSolution
		Debug|Any CPU = Debug|Any CPU
		Release|Any CPU = Release|Any CPU
	EndGlobalSection
	GlobalSection(ProjectConfigurationPlatforms) = postSolution
		{345CABC3-6DD1-4A81-8098-AF49D219873F}.Debug|Any CPU.ActiveCfg = Debug|Any CPU
		{345CABC3-6DD1-4A81-8098-AF49D219873F}.Debug|Any CPU.Build.0 = Debug|Any CPU
		{345CABC3-6DD1-4A81-8098-AF49D219873F}.Release|Any CPU.ActiveCfg = Release|Any CPU
		{345CABC3-6DD1-4A81-8098-AF49D219873F}.Release|Any CPU.Build.0 = Release|Any CPU
	EndGlobalSection
	GlobalSection(SolutionProperties) = preSolution
		HideSolutionNode = FALSE
	EndGlobalSection
	GlobalSection(ExtensibilityGlobals) = postSolution
		SolutionGuid = {79A6669E-06E7-44EA-A3FC-CAD16FBD1C5E}
	EndGlobalSection
EndGlobal
