
Microsoft Visual Studio Solution File, Format Version 12.00
# Visual Studio Version 16
VisualStudioVersion = 16.0.31105.61
MinimumVisualStudioVersion = 10.0.40219.1
Project("{FAE04EC0-301F-11D3-BF4B-00C04F79EFBC}") = "BQS01", "BQS01\BQS01.csproj", "{E1927D91-8886-462E-BC4B-70309381677C}"
EndProject
Global
	GlobalSection(SolutionConfigurationPlatforms) = preSolution
		Debug|Any CPU = Debug|Any CPU
		Release|Any CPU = Release|Any CPU
	EndGlobalSection
	GlobalSection(ProjectConfigurationPlatforms) = postSolution
		{E1927D91-8886-462E-BC4B-70309381677C}.Debug|Any CPU.ActiveCfg = Debug|Any CPU
		{E1927D91-8886-462E-BC4B-70309381677C}.Debug|Any CPU.Build.0 = Debug|Any CPU
		{E1927D91-8886-462E-BC4B-70309381677C}.Release|Any CPU.ActiveCfg = Release|Any CPU
		{E1927D91-8886-462E-BC4B-70309381677C}.Release|Any CPU.Build.0 = Release|Any CPU
	EndGlobalSection
	GlobalSection(SolutionProperties) = preSolution
		HideSolutionNode = FALSE
	EndGlobalSection
	GlobalSection(ExtensibilityGlobals) = postSolution
		SolutionGuid = {BD1D7D30-046E-4172-AD93-E72895E02549}
	EndGlobalSection
EndGlobal
