
Microsoft Visual Studio Solution File, Format Version 12.00
# Visual Studio Version 16
VisualStudioVersion = 16.0.31105.61
MinimumVisualStudioVersion = 10.0.40219.1
Project("{FAE04EC0-301F-11D3-BF4B-00C04F79EFBC}") = "BQS14", "BQS14\BQS14.csproj", "{A8C5E21C-5A4F-4BEA-BCA0-D1B728313310}"
EndProject
Global
	GlobalSection(SolutionConfigurationPlatforms) = preSolution
		Debug|Any CPU = Debug|Any CPU
		Release|Any CPU = Release|Any CPU
	EndGlobalSection
	GlobalSection(ProjectConfigurationPlatforms) = postSolution
		{A8C5E21C-5A4F-4BEA-BCA0-D1B728313310}.Debug|Any CPU.ActiveCfg = Debug|Any CPU
		{A8C5E21C-5A4F-4BEA-BCA0-D1B728313310}.Debug|Any CPU.Build.0 = Debug|Any CPU
		{A8C5E21C-5A4F-4BEA-BCA0-D1B728313310}.Release|Any CPU.ActiveCfg = Release|Any CPU
		{A8C5E21C-5A4F-4BEA-BCA0-D1B728313310}.Release|Any CPU.Build.0 = Release|Any CPU
	EndGlobalSection
	GlobalSection(SolutionProperties) = preSolution
		HideSolutionNode = FALSE
	EndGlobalSection
	GlobalSection(ExtensibilityGlobals) = postSolution
		SolutionGuid = {428A9F94-419A-4200-A072-F29843B29133}
	EndGlobalSection
EndGlobal
