
Microsoft Visual Studio Solution File, Format Version 12.00
# Visual Studio Version 16
VisualStudioVersion = 16.0.31105.61
MinimumVisualStudioVersion = 10.0.40219.1
Project("{FAE04EC0-301F-11D3-BF4B-00C04F79EFBC}") = "BQS08", "BQS08\BQS08.csproj", "{F31669AC-7DDF-47A3-8AA7-12B3DBDEA095}"
EndProject
Global
	GlobalSection(SolutionConfigurationPlatforms) = preSolution
		Debug|Any CPU = Debug|Any CPU
		Release|Any CPU = Release|Any CPU
	EndGlobalSection
	GlobalSection(ProjectConfigurationPlatforms) = postSolution
		{F31669AC-7DDF-47A3-8AA7-12B3DBDEA095}.Debug|Any CPU.ActiveCfg = Debug|Any CPU
		{F31669AC-7DDF-47A3-8AA7-12B3DBDEA095}.Debug|Any CPU.Build.0 = Debug|Any CPU
		{F31669AC-7DDF-47A3-8AA7-12B3DBDEA095}.Release|Any CPU.ActiveCfg = Release|Any CPU
		{F31669AC-7DDF-47A3-8AA7-12B3DBDEA095}.Release|Any CPU.Build.0 = Release|Any CPU
	EndGlobalSection
	GlobalSection(SolutionProperties) = preSolution
		HideSolutionNode = FALSE
	EndGlobalSection
	GlobalSection(ExtensibilityGlobals) = postSolution
		SolutionGuid = {AC105BD7-F18E-4BEA-89A3-DC58D5E553B4}
	EndGlobalSection
EndGlobal
