
Microsoft Visual Studio Solution File, Format Version 12.00
# Visual Studio Version 16
VisualStudioVersion = 16.0.31105.61
MinimumVisualStudioVersion = 10.0.40219.1
Project("{FAE04EC0-301F-11D3-BF4B-00C04F79EFBC}") = "BQS18", "BQS18\BQS18.csproj", "{48F97D87-FBDA-4BFF-B81C-3BE99842295B}"
EndProject
Global
	GlobalSection(SolutionConfigurationPlatforms) = preSolution
		Debug|Any CPU = Debug|Any CPU
		Release|Any CPU = Release|Any CPU
	EndGlobalSection
	GlobalSection(ProjectConfigurationPlatforms) = postSolution
		{48F97D87-FBDA-4BFF-B81C-3BE99842295B}.Debug|Any CPU.ActiveCfg = Debug|Any CPU
		{48F97D87-FBDA-4BFF-B81C-3BE99842295B}.Debug|Any CPU.Build.0 = Debug|Any CPU
		{48F97D87-FBDA-4BFF-B81C-3BE99842295B}.Release|Any CPU.ActiveCfg = Release|Any CPU
		{48F97D87-FBDA-4BFF-B81C-3BE99842295B}.Release|Any CPU.Build.0 = Release|Any CPU
	EndGlobalSection
	GlobalSection(SolutionProperties) = preSolution
		HideSolutionNode = FALSE
	EndGlobalSection
	GlobalSection(ExtensibilityGlobals) = postSolution
		SolutionGuid = {6033F6CF-8987-41A2-B593-17D07398935A}
	EndGlobalSection
EndGlobal
